schema: '2.0'
stages:
  clean_data:
    cmd: python src/data/data_cleaning.py
    deps:
    - path: data/raw/songs/Music Info.csv
      hash: md5
      md5: e63b74919a3cdada5c804df4666391c9
      size: 14985870
    - path: src/data/data_cleaning.py
      hash: md5
      md5: f101146a8217709d78caea813a0b96f6
      size: 1332
    outs:
    - path: data/processed/cleaned_songs.csv
      hash: md5
      md5: 97598052e7eb887583fd1051b4cf2cf8
      size: 15041675
  transform_content:
    cmd: python src/features/content_based_filtering.py
    deps:
    - path: data/processed/cleaned_songs.csv
      hash: md5
      md5: 97598052e7eb887583fd1051b4cf2cf8
      size: 15041675
    - path: src/features/content_based_filtering.py
      hash: md5
      md5: 825dea63fbcdaaef0e2d7b15dd196f4a
      size: 3214
    outs:
    - path: data/processed/transformed_content_data.npz
      hash: md5
      md5: 485bf5370b18ba773fbc864de9fc2095
      size: 4535889
    - path: models/content_transformer.joblib
      hash: md5
      md5: 08961eee6dd6b919ea59650cc1fdbc1d
      size: 142013
  collaborative_filtering:
    cmd: python src/models/collaborative_filtering.py
    deps:
    - path: data/processed/cleaned_songs.csv
      hash: md5
      md5: 97598052e7eb887583fd1051b4cf2cf8
      size: 15041675
    - path: data/raw/songs/User Listening History.csv
      hash: md5
      md5: 3a12e713844195171c7040c051d6d4ae
      size: 602515573
    - path: src/models/collaborative_filtering.py
      hash: md5
      md5: 0e8f5aae89da3b82902d1d9e7c7179d4
      size: 4051
    outs:
    - path: data/processed/collab_filtered_songs.csv
      hash: md5
      md5: 2defff598e1a8ecb6f8eb0c327ef3a16
      size: 9076697
    - path: data/processed/interaction_matrix.npz
      hash: md5
      md5: be591c0d55804cd646461891a25ea630
      size: 35284074
    - path: data/processed/track_ids.npy
      hash: md5
      md5: 2b98965823457fdb6526d3c5df182d03
      size: 640016
  transform_hybrid:
    cmd: python src/features/transform_hybrid_data.py
    deps:
    - path: data/processed/collab_filtered_songs.csv
      hash: md5
      md5: 2defff598e1a8ecb6f8eb0c327ef3a16
      size: 9076697
    - path: models/content_transformer.joblib
      hash: md5
      md5: 08961eee6dd6b919ea59650cc1fdbc1d
      size: 142013
    - path: src/features/transform_hybrid_data.py
      hash: md5
      md5: 139f36ea24a3b02f984149aed5802e6f
      size: 1381
    outs:
    - path: data/processed/transformed_hybrid_data.npz
      hash: md5
      md5: 9ad1496ba700b8fd451815b39ee58c79
      size: 2980276
